{
  "name": "@imooc-cli-dev/core",
  "version": "1.0.0",
  "lockfileVersion": 2,
  "requires": true,
  "packages": {
    "": {
      "name": "@imooc-cli-dev/core",
      "version": "1.0.0",
      "license": "ISC",
      "dependencies": {
        "@imooc-cli-dev/utils": "file:../utils"
      }
    },
    "../utils": {
      "version": "1.0.0",
      "license": "ISC"
    },
    "node_modules/@imooc-cli-dev/utils": {
      "resolved": "../utils",
      "link": true
    }
  },
  "dependencies": {
    "@imooc-cli-dev/utils": {
      "version": "file:../utils"
    }
  }
}
